PODS:
  - Masonry (1.0.1)
  - UMengSocialCOM (5.2.1)

DEPENDENCIES:
  - Masonry
  - UMengSocialCOM (~> 5.2.1)

SPEC CHECKSUMS:
  Masonry: a1a931a0d08870ed8ae415a2ea5ea68ebcac77df
  UMengSocialCOM: 074c135ce349aa4c8848d3fb8458757bcb6ffb67

PODFILE CHECKSUM: f3980a4b9a2102a78aa8c4278f075c7e9e1cc624

COCOAPODS: 1.0.0
